
Microsoft Visual Studio Solution File, Format Version 12.00
# Visual Studio Version 16
VisualStudioVersion = 16.0.31624.102
MinimumVisualStudioVersion = 10.0.40219.1
Project("{FAE04EC0-301F-11D3-BF4B-00C04F79EFBC}") = "7.9 기반, 파생 클래스 사이의 형식 변환", "7.9 기반, 파생 클래스 사이의 형식 변환\7.9 기반, 파생 클래스 사이의 형식 변환.csproj", "{8CB4FD29-AE14-4C89-8A44-81B29415FA33}"
EndProject
Global
	GlobalSection(SolutionConfigurationPlatforms) = preSolution
		Debug|Any CPU = Debug|Any CPU
		Release|Any CPU = Release|Any CPU
	EndGlobalSection
	GlobalSection(ProjectConfigurationPlatforms) = postSolution
		{8CB4FD29-AE14-4C89-8A44-81B29415FA33}.Debug|Any CPU.ActiveCfg = Debug|Any CPU
		{8CB4FD29-AE14-4C89-8A44-81B29415FA33}.Debug|Any CPU.Build.0 = Debug|Any CPU
		{8CB4FD29-AE14-4C89-8A44-81B29415FA33}.Release|Any CPU.ActiveCfg = Release|Any CPU
		{8CB4FD29-AE14-4C89-8A44-81B29415FA33}.Release|Any CPU.Build.0 = Release|Any CPU
	EndGlobalSection
	GlobalSection(SolutionProperties) = preSolution
		HideSolutionNode = FALSE
	EndGlobalSection
	GlobalSection(ExtensibilityGlobals) = postSolution
		SolutionGuid = {C43511F5-24FA-4D04-9812-FB07904C5F1B}
	EndGlobalSection
EndGlobal
