
Microsoft Visual Studio Solution File, Format Version 12.00
# Visual Studio Version 16
VisualStudioVersion = 16.0.31624.102
MinimumVisualStudioVersion = 10.0.40219.1
Project("{FAE04EC0-301F-11D3-BF4B-00C04F79EFBC}") = "7.3 얕은복사 깊은복사", "7.3 얕은복사 깊은복사\7.3 얕은복사 깊은복사.csproj", "{1AC49EDD-4219-4FB5-846D-032234376583}"
EndProject
Global
	GlobalSection(SolutionConfigurationPlatforms) = preSolution
		Debug|Any CPU = Debug|Any CPU
		Release|Any CPU = Release|Any CPU
	EndGlobalSection
	GlobalSection(ProjectConfigurationPlatforms) = postSolution
		{1AC49EDD-4219-4FB5-846D-032234376583}.Debug|Any CPU.ActiveCfg = Debug|Any CPU
		{1AC49EDD-4219-4FB5-846D-032234376583}.Debug|Any CPU.Build.0 = Debug|Any CPU
		{1AC49EDD-4219-4FB5-846D-032234376583}.Release|Any CPU.ActiveCfg = Release|Any CPU
		{1AC49EDD-4219-4FB5-846D-032234376583}.Release|Any CPU.Build.0 = Release|Any CPU
	EndGlobalSection
	GlobalSection(SolutionProperties) = preSolution
		HideSolutionNode = FALSE
	EndGlobalSection
	GlobalSection(ExtensibilityGlobals) = postSolution
		SolutionGuid = {0A80D7A5-56A3-4B9F-8A3A-5E6004970EB7}
	EndGlobalSection
EndGlobal
