
Microsoft Visual Studio Solution File, Format Version 12.00
# Visual Studio Version 16
VisualStudioVersion = 16.0.31624.102
MinimumVisualStudioVersion = 10.0.40219.1
Project("{FAE04EC0-301F-11D3-BF4B-00C04F79EFBC}") = "7.8 상속", "7.8 상속\7.8 상속.csproj", "{F052B09B-20DA-4D8B-809E-44075AED984C}"
EndProject
Global
	GlobalSection(SolutionConfigurationPlatforms) = preSolution
		Debug|Any CPU = Debug|Any CPU
		Release|Any CPU = Release|Any CPU
	EndGlobalSection
	GlobalSection(ProjectConfigurationPlatforms) = postSolution
		{F052B09B-20DA-4D8B-809E-44075AED984C}.Debug|Any CPU.ActiveCfg = Debug|Any CPU
		{F052B09B-20DA-4D8B-809E-44075AED984C}.Debug|Any CPU.Build.0 = Debug|Any CPU
		{F052B09B-20DA-4D8B-809E-44075AED984C}.Release|Any CPU.ActiveCfg = Release|Any CPU
		{F052B09B-20DA-4D8B-809E-44075AED984C}.Release|Any CPU.Build.0 = Release|Any CPU
	EndGlobalSection
	GlobalSection(SolutionProperties) = preSolution
		HideSolutionNode = FALSE
	EndGlobalSection
	GlobalSection(ExtensibilityGlobals) = postSolution
		SolutionGuid = {7A09766E-5BF8-4F42-814B-9DEA0ED835CC}
	EndGlobalSection
EndGlobal
